lockfileVersion: '9.0'

settings:
  autoInstallPeers: true
  excludeLinksFromLockfile: false

importers:

  .:
    dependencies:
      dd-trace:
        specifier: 5.81.0
        version: 5.81.0(@openfeature/core@1.9.1)(@openfeature/server-sdk@1.18.0(@openfeature/core@1.9.1))

packages:

  '@datadog/flagging-core@0.2.0':
    resolution: {integrity: sha512-DocYjr8NFJZfsnqzu3MuBUNqgbJquq1doimkKEXI5UImLmz/tR0LO09dd651pBhoz1Pa4SKcnPaxWFLTqxWtsA==}
    peerDependencies:
      '@openfeature/core': ^1.8.1

  '@datadog/libdatadog@0.7.0':
    resolution: {integrity: sha512-VVZLspzQcfEU47gmGCVoRkngn7RgFRR4CHjw4YaX8eWT+xz4Q4l6PvA45b7CMk9nlt3MNN5MtGdYttYMIpo6Sg==}

  '@datadog/native-appsec@10.3.0':
    resolution: {integrity: sha512-FjNhxKetbBVGiq+dl8NYoi/95IAYU+W7PjBceNP7Qkvbt8uhy+KTlQVW1A2X67mK0CKHahDTesBMaPwY9zhflw==}
    engines: {node: '>=16'}

  '@datadog/native-iast-taint-tracking@4.1.0':
    resolution: {integrity: sha512-g9K9Ddx1YQfrQIC2hgtfnYUGuzAFvSvhvt2lPZOAWBPo+bkYoW5KEkMHoY5XykCigTfXBYcQicRV0xB22AMkHw==}

  '@datadog/native-metrics@3.1.1':
    resolution: {integrity: sha512-MU1gHrolwryrU4X9g+fylA1KPH3S46oqJPEtVyrO+3Kh29z80fegmtyrU22bNt8LigPUK/EdPCnSbMe88QbnxQ==}
    engines: {node: '>=16'}

  '@datadog/openfeature-node-server@0.2.0':
    resolution: {integrity: sha512-Jn8lShFyqNji0tiKntLcCRwu3xrhg93fTTJS3gHSPKMfBDBKxjB9uF8Hu5Ayn2k0QuwJexx5atN9GSiWX0h5qg==}
    engines: {node: '>=18.0.0'}
    peerDependencies:
      '@openfeature/server-sdk': ~1.18.0

  '@datadog/pprof@5.12.0':
    resolution: {integrity: sha512-qX32upm9eqObGVGvqHpjQB2bXVPTX0ccXTW3mUqUWXgJrAKyHtTfo9PqfoXhflYs0WD9el9xl9c0bM1RS4vRmQ==}
    engines: {node: '>=16'}

  '@datadog/wasm-js-rewriter@5.0.1':
    resolution: {integrity: sha512-EzbV3Lrdt3udQEsbDOVC5gB1y7yxfpBbrSIk4jaEsGjyj0Dbv2HGj7tZjs+qXzIzNonHc8h5El2bYZOGfC2wwg==}
    engines: {node: '>= 10'}

  '@openfeature/core@1.9.1':
    resolution: {integrity: sha512-YySPtH4s/rKKnHRU0xyFGrqMU8XA+OIPNWDrlEFxE6DCVWCIrxE5YpiB94YD2jMFn6SSdA0cwQ8vLkCkl8lm8A==}

  '@openfeature/server-sdk@1.18.0':
    resolution: {integrity: sha512-uP8nqEGBS58s3iWXx6d8vnJ6ZVt3DACJL4PWADOAuwIS4xXpID91783e9f6zQ0i1ijQpj3yx+3ZuCB2LfQMUMA==}
    engines: {node: '>=18'}
    peerDependencies:
      '@openfeature/core': ^1.7.0

  '@opentelemetry/api-logs@0.208.0':
    resolution: {integrity: sha512-CjruKY9V6NMssL/T1kAFgzosF1v9o6oeN+aX5JB/C/xPNtmgIJqcXHG7fA82Ou1zCpWGl4lROQUKwUNE1pMCyg==}
    engines: {node: '>=8.0.0'}

  '@opentelemetry/api@1.9.0':
    resolution: {integrity: sha512-3giAOQvZiH5F9bMlMiv8+GSPMeqg0dbaeo58/0SlA9sxSqZhnUtxzX9/2FzyhS9sWQf5S0GJE0AKBrFqjpeYcg==}
    engines: {node: '>=8.0.0'}

  acorn-import-attributes@1.9.5:
    resolution: {integrity: sha512-n02Vykv5uA3eHGM/Z2dQrcD56kL8TyDb2p1+0P83PClMnC/nc+anbQRhIOWnSq4Ke/KvDPrY3C9hDtC/A3eHnQ==}
    peerDependencies:
      acorn: ^8

  acorn@8.15.0:
    resolution: {integrity: sha512-NZyJarBfL7nWwIq+FDL6Zp/yHEhePMNnnJ0y3qfieCrmNvYct8uvtiV41UvlSe6apAfk0fY1FbWx+NwfmpvtTg==}
    engines: {node: '>=0.4.0'}
    hasBin: true

  argparse@2.0.1:
    resolution: {integrity: sha512-8+9WqebbFzpX9OR+Wa6O29asIogeRMzcGtAINdpMHHyAg10f05aSFVBbcEqGf/PXw1EjAZ+q2/bEBg3DvurK3Q==}

  cjs-module-lexer@1.4.3:
    resolution: {integrity: sha512-9z8TZaGM1pfswYeXrUpzPrkx8UnWYdhJclsiYMm6x/w5+nN+8Tf/LnAgfLGQCm59qAOxU8WwHEq2vNwF6i4j+Q==}

  dc-polyfill@0.1.10:
    resolution: {integrity: sha512-9iSbB8XZ7aIrhUtWI5ulEOJ+IyUN+axquodHK+bZO4r7HfY/xwmo6I4fYYf+aiDom+WMcN/wnzCz+pKvHDDCug==}
    engines: {node: '>=12.17'}

  dd-trace@5.81.0:
    resolution: {integrity: sha512-oESrqJ7sWSIUwOztHqF12YaGNc5+oaW/bAYQI5sKNqhp620UCF/EHTSB5hcgHGrf6ur8J/9Mt4ioFcMPLa65bA==}
    engines: {node: '>=18'}

  delay@5.0.0:
    resolution: {integrity: sha512-ReEBKkIfe4ya47wlPYf/gu5ib6yUG0/Aez0JQZQz94kiWtRQvZIQbTiehsnwHvLSWJnQdhVeqYue7Id1dKr0qw==}
    engines: {node: '>=10'}

  import-in-the-middle@1.15.0:
    resolution: {integrity: sha512-bpQy+CrsRmYmoPMAE/0G33iwRqwW4ouqdRg8jgbH3aKuCtOc8lxgmYXg2dMM92CRiGP660EtBcymH/eVUpCSaA==}

  js-yaml@4.1.1:
    resolution: {integrity: sha512-qQKT4zQxXl8lLwBtHMWwaTcGfFOZviOJet3Oy/xmGk2gZH677CJM9EvtfdSkgWcATZhj/55JZ0rmy3myCT5lsA==}
    hasBin: true

  lru-cache@7.18.3:
    resolution: {integrity: sha512-jumlc0BIUrS3qJGgIkWZsyfAM7NCWiBcCDhnd+3NNM5KbBmLTgHVfWBcg6W+rLUsIpzpERPsvwUP7CckAQSOoA==}
    engines: {node: '>=12'}

  module-details-from-path@1.0.4:
    resolution: {integrity: sha512-EGWKgxALGMgzvxYF1UyGTy0HXX/2vHLkw6+NvDKW2jypWbHpjQuj4UMcqQWXHERJhVGKikolT06G3bcKe4fi7w==}

  node-addon-api@6.1.0:
    resolution: {integrity: sha512-+eawOlIgy680F0kBzPUNFhMZGtJ1YmqM6l4+Crf4IkImjYrO/mqPwRMh352g23uIaQKFItcQ64I7KMaJxHgAVA==}

  node-gyp-build@3.9.0:
    resolution: {integrity: sha512-zLcTg6P4AbcHPq465ZMFNXx7XpKKJh+7kkN699NiQWisR2uWYOWNWqRHAmbnmKiL4e9aLSlmy5U7rEMUXV59+A==}
    hasBin: true

  node-gyp-build@4.8.4:
    resolution: {integrity: sha512-LA4ZjwlnUblHVgq0oBF3Jl/6h/Nvs5fzBLwdEF4nuxnFdsfajde4WfxtJr3CaiH+F6ewcIB/q4jQ4UzPyid+CQ==}
    hasBin: true

  p-limit@3.1.0:
    resolution: {integrity: sha512-TYOanM3wGwNGsZN2cVTYPArw454xnXj5qmWF1bEoAc4+cU/ol7GVh7odevjp1FNHduHc3KZMcFduxU5Xc6uJRQ==}
    engines: {node: '>=10'}

  pprof-format@2.2.1:
    resolution: {integrity: sha512-p4tVN7iK19ccDqQv8heyobzUmbHyds4N2FI6aBMcXz6y99MglTWDxIyhFkNaLeEXs6IFUEzT0zya0icbSLLY0g==}

  source-map@0.7.6:
    resolution: {integrity: sha512-i5uvt8C3ikiWeNZSVZNWcfZPItFQOsYTUAOkcUPGd8DqDy1uOUikjt5dG+uRlwyvR108Fb9DOd4GvXfT0N2/uQ==}
    engines: {node: '>= 12'}

  spark-md5@3.0.2:
    resolution: {integrity: sha512-wcFzz9cDfbuqe0FZzfi2or1sgyIrsDwmPwfZC4hiNidPdPINjeUwNfv5kldczoEAcjl9Y1L3SM7Uz2PUEQzxQw==}

  yocto-queue@0.1.0:
    resolution: {integrity: sha512-rVksvsnNCdJ/ohGc6xgPwyN8eheCxsiLM8mxuE/t/mOVqJewPuO1miLpTHQiRgTKCLexL4MeAFVagts7HmNZ2Q==}
    engines: {node: '>=10'}

snapshots:

  '@datadog/flagging-core@0.2.0(@openfeature/core@1.9.1)':
    dependencies:
      '@openfeature/core': 1.9.1
      spark-md5: 3.0.2
    optional: true

  '@datadog/libdatadog@0.7.0':
    optional: true

  '@datadog/native-appsec@10.3.0':
    dependencies:
      node-gyp-build: 3.9.0
    optional: true

  '@datadog/native-iast-taint-tracking@4.1.0':
    dependencies:
      node-gyp-build: 3.9.0
    optional: true

  '@datadog/native-metrics@3.1.1':
    dependencies:
      node-addon-api: 6.1.0
      node-gyp-build: 3.9.0
    optional: true

  '@datadog/openfeature-node-server@0.2.0(@openfeature/core@1.9.1)(@openfeature/server-sdk@1.18.0(@openfeature/core@1.9.1))':
    dependencies:
      '@datadog/flagging-core': 0.2.0(@openfeature/core@1.9.1)
      '@openfeature/server-sdk': 1.18.0(@openfeature/core@1.9.1)
    transitivePeerDependencies:
      - '@openfeature/core'
    optional: true

  '@datadog/pprof@5.12.0':
    dependencies:
      delay: 5.0.0
      node-gyp-build: 3.9.0
      p-limit: 3.1.0
      pprof-format: 2.2.1
      source-map: 0.7.6
    optional: true

  '@datadog/wasm-js-rewriter@5.0.1':
    dependencies:
      js-yaml: 4.1.1
      lru-cache: 7.18.3
      module-details-from-path: 1.0.4
      node-gyp-build: 4.8.4
    optional: true

  '@openfeature/core@1.9.1':
    optional: true

  '@openfeature/server-sdk@1.18.0(@openfeature/core@1.9.1)':
    dependencies:
      '@openfeature/core': 1.9.1
    optional: true

  '@opentelemetry/api-logs@0.208.0':
    dependencies:
      '@opentelemetry/api': 1.9.0
    optional: true

  '@opentelemetry/api@1.9.0':
    optional: true

  acorn-import-attributes@1.9.5(acorn@8.15.0):
    dependencies:
      acorn: 8.15.0

  acorn@8.15.0: {}

  argparse@2.0.1:
    optional: true

  cjs-module-lexer@1.4.3: {}

  dc-polyfill@0.1.10: {}

  dd-trace@5.81.0(@openfeature/core@1.9.1)(@openfeature/server-sdk@1.18.0(@openfeature/core@1.9.1)):
    dependencies:
      dc-polyfill: 0.1.10
      import-in-the-middle: 1.15.0
    optionalDependencies:
      '@datadog/libdatadog': 0.7.0
      '@datadog/native-appsec': 10.3.0
      '@datadog/native-iast-taint-tracking': 4.1.0
      '@datadog/native-metrics': 3.1.1
      '@datadog/openfeature-node-server': 0.2.0(@openfeature/core@1.9.1)(@openfeature/server-sdk@1.18.0(@openfeature/core@1.9.1))
      '@datadog/pprof': 5.12.0
      '@datadog/wasm-js-rewriter': 5.0.1
      '@opentelemetry/api': 1.9.0
      '@opentelemetry/api-logs': 0.208.0
    transitivePeerDependencies:
      - '@openfeature/core'
      - '@openfeature/server-sdk'

  delay@5.0.0:
    optional: true

  import-in-the-middle@1.15.0:
    dependencies:
      acorn: 8.15.0
      acorn-import-attributes: 1.9.5(acorn@8.15.0)
      cjs-module-lexer: 1.4.3
      module-details-from-path: 1.0.4

  js-yaml@4.1.1:
    dependencies:
      argparse: 2.0.1
    optional: true

  lru-cache@7.18.3:
    optional: true

  module-details-from-path@1.0.4: {}

  node-addon-api@6.1.0:
    optional: true

  node-gyp-build@3.9.0:
    optional: true

  node-gyp-build@4.8.4:
    optional: true

  p-limit@3.1.0:
    dependencies:
      yocto-queue: 0.1.0
    optional: true

  pprof-format@2.2.1:
    optional: true

  source-map@0.7.6:
    optional: true

  spark-md5@3.0.2:
    optional: true

  yocto-queue@0.1.0:
    optional: true
